// !$*UTF8*$!
{
	archiveVersion = 1;
	classes = {
	};
	objectVersion = 56;
	objects = {

/* Begin PBXBuildFile section */
		6229CFB12BA6423F00B6D060 /* Color Extension.swift in Sources */ = {isa = PBXBuildFile; fileRef = 6229CFB02BA6423F00B6D060 /* Color Extension.swift */; };
		62B26E632BA5046200B369E5 /* SfumaturaApp.swift in Sources */ = {isa = PBXBuildFile; fileRef = 62B26E622BA5046200B369E5 /* SfumaturaApp.swift */; };
		62B26E652BA5046200B369E5 /* ContentView.swift in Sources */ = {isa = PBXBuildFile; fileRef = 62B26E642BA5046200B369E5 /* ContentView.swift */; };
		62B26E672BA5046500B369E5 /* Assets.xcassets in Resources */ = {isa = PBXBuildFile; fileRef = 62B26E662BA5046500B369E5 /* Assets.xcassets */; };
		62B26E6A2BA5046500B369E5 /* Preview Assets.xcassets in Resources */ = {isa = PBXBuildFile; fileRef = 62B26E692BA5046500B369E5 /* Preview Assets.xcassets */; };
		62B26E712BA504C900B369E5 /* ColorSliderComponent.swift in Sources */ = {isa = PBXBuildFile; fileRef = 62B26E702BA504C900B369E5 /* ColorSliderComponent.swift */; };
		62B26E732BA505B500B369E5 /* CustomSliderView.swift in Sources */ = {isa = PBXBuildFile; fileRef = 62B26E722BA505B500B369E5 /* CustomSliderView.swift */; };
		62B26E752BA5070500B369E5 /* ColorModel.swift in Sources */ = {isa = PBXBuildFile; fileRef = 62B26E742BA5070500B369E5 /* ColorModel.swift */; };
		62B26E772BA50CB900B369E5 /* CustomGradientView.swift in Sources */ = {isa = PBXBuildFile; fileRef = 62B26E762BA50CB900B369E5 /* CustomGradientView.swift */; };
		62B26E792BA5143200B369E5 /* GradientFullScreenView.swift in Sources */ = {isa = PBXBuildFile; fileRef = 62B26E782BA5143200B369E5 /* GradientFullScreenView.swift */; };
		62B26E7B2BA5549200B369E5 /* GradientDirection.swift in Sources */ = {isa = PBXBuildFile; fileRef = 62B26E7A2BA5549200B369E5 /* GradientDirection.swift */; };
		62B26E7D2BA554DD00B369E5 /* GradientModel.swift in Sources */ = {isa = PBXBuildFile; fileRef = 62B26E7C2BA554DD00B369E5 /* GradientModel.swift */; };
/* End PBXBuildFile section */

/* Begin PBXFileReference section */
		6229CFB02BA6423F00B6D060 /* Color Extension.swift */ = {isa = PBXFileReference; lastKnownFileType = sourcecode.swift; path = "Color Extension.swift"; sourceTree = "<group>"; };
		62B26E5F2BA5046200B369E5 /* Sfumatura.app */ = {isa = PBXFileReference; explicitFileType = wrapper.application; includeInIndex = 0; path = Sfumatura.app; sourceTree = BUILT_PRODUCTS_DIR; };
		62B26E622BA5046200B369E5 /* SfumaturaApp.swift */ = {isa = PBXFileReference; lastKnownFileType = sourcecode.swift; path = SfumaturaApp.swift; sourceTree = "<group>"; };
		62B26E642BA5046200B369E5 /* ContentView.swift */ = {isa = PBXFileReference; lastKnownFileType = sourcecode.swift; path = ContentView.swift; sourceTree = "<group>"; };
		62B26E662BA5046500B369E5 /* Assets.xcassets */ = {isa = PBXFileReference; lastKnownFileType = folder.assetcatalog; path = Assets.xcassets; sourceTree = "<group>"; };
		62B26E692BA5046500B369E5 /* Preview Assets.xcassets */ = {isa = PBXFileReference; lastKnownFileType = folder.assetcatalog; path = "Preview Assets.xcassets"; sourceTree = "<group>"; };
		62B26E702BA504C900B369E5 /* ColorSliderComponent.swift */ = {isa = PBXFileReference; lastKnownFileType = sourcecode.swift; path = ColorSliderComponent.swift; sourceTree = "<group>"; };
		62B26E722BA505B500B369E5 /* CustomSliderView.swift */ = {isa = PBXFileReference; lastKnownFileType = sourcecode.swift; path = CustomSliderView.swift; sourceTree = "<group>"; };
		62B26E742BA5070500B369E5 /* ColorModel.swift */ = {isa = PBXFileReference; lastKnownFileType = sourcecode.swift; path = ColorModel.swift; sourceTree = "<group>"; };
		62B26E762BA50CB900B369E5 /* CustomGradientView.swift */ = {isa = PBXFileReference; lastKnownFileType = sourcecode.swift; path = CustomGradientView.swift; sourceTree = "<group>"; };
		62B26E782BA5143200B369E5 /* GradientFullScreenView.swift */ = {isa = PBXFileReference; lastKnownFileType = sourcecode.swift; path = GradientFullScreenView.swift; sourceTree = "<group>"; };
		62B26E7A2BA5549200B369E5 /* GradientDirection.swift */ = {isa = PBXFileReference; lastKnownFileType = sourcecode.swift; path = GradientDirection.swift; sourceTree = "<group>"; };
		62B26E7C2BA554DD00B369E5 /* GradientModel.swift */ = {isa = PBXFileReference; lastKnownFileType = sourcecode.swift; path = GradientModel.swift; sourceTree = "<group>"; };
/* End PBXFileReference section */

/* Begin PBXFrameworksBuildPhase section */
		62B26E5C2BA5046200B369E5 /* Frameworks */ = {
			isa = PBXFrameworksBuildPhase;
			buildActionMask = 2147483647;
			files = (
			);
			runOnlyForDeploymentPostprocessing = 0;
		};
/* End PBXFrameworksBuildPhase section */

/* Begin PBXGroup section */
		62B26E562BA5046200B369E5 = {
			isa = PBXGroup;
			children = (
				62B26E612BA5046200B369E5 /* Sfumatura */,
				62B26E602BA5046200B369E5 /* Products */,
			);
			sourceTree = "<group>";
		};
		62B26E602BA5046200B369E5 /* Products */ = {
			isa = PBXGroup;
			children = (
				62B26E5F2BA5046200B369E5 /* Sfumatura.app */,
			);
			name = Products;
			sourceTree = "<group>";
		};
		62B26E612BA5046200B369E5 /* Sfumatura */ = {
			isa = PBXGroup;
			children = (
				62B26E622BA5046200B369E5 /* SfumaturaApp.swift */,
				62B26E642BA5046200B369E5 /* ContentView.swift */,
				62B26E762BA50CB900B369E5 /* CustomGradientView.swift */,
				62B26E722BA505B500B369E5 /* CustomSliderView.swift */,
				6229CFB02BA6423F00B6D060 /* Color Extension.swift */,
				62B26E7C2BA554DD00B369E5 /* GradientModel.swift */,
				62B26E7A2BA5549200B369E5 /* GradientDirection.swift */,
				62B26E782BA5143200B369E5 /* GradientFullScreenView.swift */,
				62B26E742BA5070500B369E5 /* ColorModel.swift */,
				62B26E702BA504C900B369E5 /* ColorSliderComponent.swift */,
				62B26E662BA5046500B369E5 /* Assets.xcassets */,
				62B26E682BA5046500B369E5 /* Preview Content */,
			);
			path = Sfumatura;
			sourceTree = "<group>";
		};
		62B26E682BA5046500B369E5 /* Preview Content */ = {
			isa = PBXGroup;
			children = (
				62B26E692BA5046500B369E5 /* Preview Assets.xcassets */,
			);
			path = "Preview Content";
			sourceTree = "<group>";
		};
/* End PBXGroup section */

/* Begin PBXNativeTarget section */
		62B26E5E2BA5046200B369E5 /* Sfumatura */ = {
			isa = PBXNativeTarget;
			buildConfigurationList = 62B26E6D2BA5046500B369E5 /* Build configuration list for PBXNativeTarget "Sfumatura" */;
			buildPhases = (
				62B26E5B2BA5046200B369E5 /* Sources */,
				62B26E5C2BA5046200B369E5 /* Frameworks */,
				62B26E5D2BA5046200B369E5 /* Resources */,
			);
			buildRules = (
			);
			dependencies = (
			);
			name = Sfumatura;
			productName = Sfumatura;
			productReference = 62B26E5F2BA5046200B369E5 /* Sfumatura.app */;
			productType = "com.apple.product-type.application";
		};
/* End PBXNativeTarget section */

/* Begin PBXProject section */
		62B26E572BA5046200B369E5 /* Project object */ = {
			isa = PBXProject;
			attributes = {
				BuildIndependentTargetsInParallel = 1;
				LastSwiftUpdateCheck = 1500;
				LastUpgradeCheck = 1500;
				TargetAttributes = {
					62B26E5E2BA5046200B369E5 = {
						CreatedOnToolsVersion = 15.0.1;
					};
				};
			};
			buildConfigurationList = 62B26E5A2BA5046200B369E5 /* Build configuration list for PBXProject "Sfumatura" */;
			compatibilityVersion = "Xcode 14.0";
			developmentRegion = en;
			hasScannedForEncodings = 0;
			knownRegions = (
				en,
				Base,
			);
			mainGroup = 62B26E562BA5046200B369E5;
			productRefGroup = 62B26E602BA5046200B369E5 /* Products */;
			projectDirPath = "";
			projectRoot = "";
			targets = (
				62B26E5E2BA5046200B369E5 /* Sfumatura */,
			);
		};
/* End PBXProject section */

/* Begin PBXResourcesBuildPhase section */
		62B26E5D2BA5046200B369E5 /* Resources */ = {
			isa = PBXResourcesBuildPhase;
			buildActionMask = 2147483647;
			files = (
				62B26E6A2BA5046500B369E5 /* Preview Assets.xcassets in Resources */,
				62B26E672BA5046500B369E5 /* Assets.xcassets in Resources */,
			);
			runOnlyForDeploymentPostprocessing = 0;
		};
/* End PBXResourcesBuildPhase section */

/* Begin PBXSourcesBuildPhase section */
		62B26E5B2BA5046200B369E5 /* Sources */ = {
			isa = PBXSourcesBuildPhase;
			buildActionMask = 2147483647;
			files = (
				62B26E652BA5046200B369E5 /* ContentView.swift in Sources */,
				62B26E7B2BA5549200B369E5 /* GradientDirection.swift in Sources */,
				62B26E712BA504C900B369E5 /* ColorSliderComponent.swift in Sources */,
				62B26E732BA505B500B369E5 /* CustomSliderView.swift in Sources */,
				6229CFB12BA6423F00B6D060 /* Color Extension.swift in Sources */,
				62B26E632BA5046200B369E5 /* SfumaturaApp.swift in Sources */,
				62B26E752BA5070500B369E5 /* ColorModel.swift in Sources */,
				62B26E792BA5143200B369E5 /* GradientFullScreenView.swift in Sources */,
				62B26E772BA50CB900B369E5 /* CustomGradientView.swift in Sources */,
				62B26E7D2BA554DD00B369E5 /* GradientModel.swift in Sources */,
			);
			runOnlyForDeploymentPostprocessing = 0;
		};
/* End PBXSourcesBuildPhase section */

/* Begin XCBuildConfiguration section */
		62B26E6B2BA5046500B369E5 /* Debug */ = {
			isa = XCBuildConfiguration;
			buildSettings = {
				ALWAYS_SEARCH_USER_PATHS = NO;
				ASSETCATALOG_COMPILER_GENERATE_SWIFT_ASSET_SYMBOL_EXTENSIONS = YES;
				CLANG_ANALYZER_NONNULL = YES;
				CLANG_ANALYZER_NUMBER_OBJECT_CONVERSION = YES_AGGRESSIVE;
				CLANG_CXX_LANGUAGE_STANDARD = "gnu++20";
				CLANG_ENABLE_MODULES = YES;
				CLANG_ENABLE_OBJC_ARC = YES;
				CLANG_ENABLE_OBJC_WEAK = YES;
				CLANG_WARN_BLOCK_CAPTURE_AUTORELEASING = YES;
				CLANG_WARN_BOOL_CONVERSION = YES;
				CLANG_WARN_COMMA = YES;
				CLANG_WARN_CONSTANT_CONVERSION = YES;
				CLANG_WARN_DEPRECATED_OBJC_IMPLEMENTATIONS = YES;
				CLANG_WARN_DIRECT_OBJC_ISA_USAGE = YES_ERROR;
				CLANG_WARN_DOCUMENTATION_COMMENTS = YES;
				CLANG_WARN_EMPTY_BODY = YES;
				CLANG_WARN_ENUM_CONVERSION = YES;
				CLANG_WARN_INFINITE_RECURSION = YES;
				CLANG_WARN_INT_CONVERSION = YES;
				CLANG_WARN_NON_LITERAL_NULL_CONVERSION = YES;
				CLANG_WARN_OBJC_IMPLICIT_RETAIN_SELF = YES;
				CLANG_WARN_OBJC_LITERAL_CONVERSION = YES;
				CLANG_WARN_OBJC_ROOT_CLASS = YES_ERROR;
				CLANG_WARN_QUOTED_INCLUDE_IN_FRAMEWORK_HEADER = YES;
				CLANG_WARN_RANGE_LOOP_ANALYSIS = YES;
				CLANG_WARN_STRICT_PROTOTYPES = YES;
				CLANG_WARN_SUSPICIOUS_MOVE = YES;
				CLANG_WARN_UNGUARDED_AVAILABILITY = YES_AGGRESSIVE;
				CLANG_WARN_UNREACHABLE_CODE = YES;
				CLANG_WARN__DUPLICATE_METHOD_MATCH = YES;
				COPY_PHASE_STRIP = NO;
				DEBUG_INFORMATION_FORMAT = dwarf;
				ENABLE_STRICT_OBJC_MSGSEND = YES;
				ENABLE_TESTABILITY = YES;
				ENABLE_USER_SCRIPT_SANDBOXING = YES;
				GCC_C_LANGUAGE_STANDARD = gnu17;
				GCC_DYNAMIC_NO_PIC = NO;
				GCC_NO_COMMON_BLOCKS = YES;
				GCC_OPTIMIZATION_LEVEL = 0;
				GCC_PREPROCESSOR_DEFINITIONS = (
					"DEBUG=1",
					"$(inherited)",
				);
				GCC_WARN_64_TO_32_BIT_CONVERSION = YES;
				GCC_WARN_ABOUT_RETURN_TYPE = YES_ERROR;
				GCC_WARN_UNDECLARED_SELECTOR = YES;
				GCC_WARN_UNINITIALIZED_AUTOS = YES_AGGRESSIVE;
				GCC_WARN_UNUSED_FUNCTION = YES;
				GCC_WARN_UNUSED_VARIABLE = YES;
				IPHONEOS_DEPLOYMENT_TARGET = 17.0;
				LOCALIZATION_PREFERS_STRING_CATALOGS = YES;
				MTL_ENABLE_DEBUG_INFO = INCLUDE_SOURCE;
				MTL_FAST_MATH = YES;
				ONLY_ACTIVE_ARCH = YES;
				SDKROOT = iphoneos;
				SWIFT_ACTIVE_COMPILATION_CONDITIONS = "DEBUG $(inherited)";
				SWIFT_OPTIMIZATION_LEVEL = "-Onone";
			};
			name = Debug;
		};
		62B26E6C2BA5046500B369E5 /* Release */ = {
			isa = XCBuildConfiguration;
			buildSettings = {
				ALWAYS_SEARCH_USER_PATHS = NO;
				ASSETCATALOG_COMPILER_GENERATE_SWIFT_ASSET_SYMBOL_EXTENSIONS = YES;
				CLANG_ANALYZER_NONNULL = YES;
				CLANG_ANALYZER_NUMBER_OBJECT_CONVERSION = YES_AGGRESSIVE;
				CLANG_CXX_LANGUAGE_STANDARD = "gnu++20";
				CLANG_ENABLE_MODULES = YES;
				CLANG_ENABLE_OBJC_ARC = YES;
				CLANG_ENABLE_OBJC_WEAK = YES;
				CLANG_WARN_BLOCK_CAPTURE_AUTORELEASING = YES;
				CLANG_WARN_BOOL_CONVERSION = YES;
				CLANG_WARN_COMMA = YES;
				CLANG_WARN_CONSTANT_CONVERSION = YES;
				CLANG_WARN_DEPRECATED_OBJC_IMPLEMENTATIONS = YES;
				CLANG_WARN_DIRECT_OBJC_ISA_USAGE = YES_ERROR;
				CLANG_WARN_DOCUMENTATION_COMMENTS = YES;
				CLANG_WARN_EMPTY_BODY = YES;
				CLANG_WARN_ENUM_CONVERSION = YES;
				CLANG_WARN_INFINITE_RECURSION = YES;
				CLANG_WARN_INT_CONVERSION = YES;
				CLANG_WARN_NON_LITERAL_NULL_CONVERSION = YES;
				CLANG_WARN_OBJC_IMPLICIT_RETAIN_SELF = YES;
				CLANG_WARN_OBJC_LITERAL_CONVERSION = YES;
				CLANG_WARN_OBJC_ROOT_CLASS = YES_ERROR;
				CLANG_WARN_QUOTED_INCLUDE_IN_FRAMEWORK_HEADER = YES;
				CLANG_WARN_RANGE_LOOP_ANALYSIS = YES;
				CLANG_WARN_STRICT_PROTOTYPES = YES;
				CLANG_WARN_SUSPICIOUS_MOVE = YES;
				CLANG_WARN_UNGUARDED_AVAILABILITY = YES_AGGRESSIVE;
				CLANG_WARN_UNREACHABLE_CODE = YES;
				CLANG_WARN__DUPLICATE_METHOD_MATCH = YES;
				COPY_PHASE_STRIP = NO;
				DEBUG_INFORMATION_FORMAT = "dwarf-with-dsym";
				ENABLE_NS_ASSERTIONS = NO;
				ENABLE_STRICT_OBJC_MSGSEND = YES;
				ENABLE_USER_SCRIPT_SANDBOXING = YES;
				GCC_C_LANGUAGE_STANDARD = gnu17;
				GCC_NO_COMMON_BLOCKS = YES;
				GCC_WARN_64_TO_32_BIT_CONVERSION = YES;
				GCC_WARN_ABOUT_RETURN_TYPE = YES_ERROR;
				GCC_WARN_UNDECLARED_SELECTOR = YES;
				GCC_WARN_UNINITIALIZED_AUTOS = YES_AGGRESSIVE;
				GCC_WARN_UNUSED_FUNCTION = YES;
				GCC_WARN_UNUSED_VARIABLE = YES;
				IPHONEOS_DEPLOYMENT_TARGET = 17.0;
				LOCALIZATION_PREFERS_STRING_CATALOGS = YES;
				MTL_ENABLE_DEBUG_INFO = NO;
				MTL_FAST_MATH = YES;
				SDKROOT = iphoneos;
				SWIFT_COMPILATION_MODE = wholemodule;
				VALIDATE_PRODUCT = YES;
			};
			name = Release;
		};
		62B26E6E2BA5046500B369E5 /* Debug */ = {
			isa = XCBuildConfiguration;
			buildSettings = {
				ASSETCATALOG_COMPILER_APPICON_NAME = AppIcon;
				ASSETCATALOG_COMPILER_GLOBAL_ACCENT_COLOR_NAME = AccentColor;
				CODE_SIGN_STYLE = Automatic;
				CURRENT_PROJECT_VERSION = 1;
				DEVELOPMENT_ASSET_PATHS = "\"Sfumatura/Preview Content\"";
				DEVELOPMENT_TEAM = DTJ5G5B67W;
				ENABLE_PREVIEWS = YES;
				GENERATE_INFOPLIST_FILE = YES;
				INFOPLIST_KEY_NSPhotoLibraryUsageDescription = "allow to save gradient image";
				INFOPLIST_KEY_UIApplicationSceneManifest_Generation = YES;
				INFOPLIST_KEY_UIApplicationSupportsIndirectInputEvents = YES;
				INFOPLIST_KEY_UILaunchScreen_Generation = YES;
				INFOPLIST_KEY_UISupportedInterfaceOrientations_iPad = "UIInterfaceOrientationPortrait UIInterfaceOrientationPortraitUpsideDown UIInterfaceOrientationLandscapeLeft UIInterfaceOrientationLandscapeRight";
				INFOPLIST_KEY_UISupportedInterfaceOrientations_iPhone = "UIInterfaceOrientationPortrait UIInterfaceOrientationLandscapeLeft UIInterfaceOrientationLandscapeRight";
				LD_RUNPATH_SEARCH_PATHS = (
					"$(inherited)",
					"@executable_path/Frameworks",
				);
				MARKETING_VERSION = 1.0;
				PRODUCT_BUNDLE_IDENTIFIER = com.AndreaBottino.Sfumatura;
				PRODUCT_NAME = "$(TARGET_NAME)";
				SWIFT_EMIT_LOC_STRINGS = YES;
				SWIFT_VERSION = 5.0;
				TARGETED_DEVICE_FAMILY = "1,2";
			};
			name = Debug;
		};
		62B26E6F2BA5046500B369E5 /* Release */ = {
			isa = XCBuildConfiguration;
			buildSettings = {
				ASSETCATALOG_COMPILER_APPICON_NAME = AppIcon;
				ASSETCATALOG_COMPILER_GLOBAL_ACCENT_COLOR_NAME = AccentColor;
				CODE_SIGN_STYLE = Automatic;
				CURRENT_PROJECT_VERSION = 1;
				DEVELOPMENT_ASSET_PATHS = "\"Sfumatura/Preview Content\"";
				DEVELOPMENT_TEAM = DTJ5G5B67W;
				ENABLE_PREVIEWS = YES;
				GENERATE_INFOPLIST_FILE = YES;
				INFOPLIST_KEY_NSPhotoLibraryUsageDescription = "allow to save gradient image";
				INFOPLIST_KEY_UIApplicationSceneManifest_Generation = YES;
				INFOPLIST_KEY_UIApplicationSupportsIndirectInputEvents = YES;
				INFOPLIST_KEY_UILaunchScreen_Generation = YES;
				INFOPLIST_KEY_UISupportedInterfaceOrientations_iPad = "UIInterfaceOrientationPortrait UIInterfaceOrientationPortraitUpsideDown UIInterfaceOrientationLandscapeLeft UIInterfaceOrientationLandscapeRight";
				INFOPLIST_KEY_UISupportedInterfaceOrientations_iPhone = "UIInterfaceOrientationPortrait UIInterfaceOrientationLandscapeLeft UIInterfaceOrientationLandscapeRight";
				LD_RUNPATH_SEARCH_PATHS = (
					"$(inherited)",
					"@executable_path/Frameworks",
				);
				MARKETING_VERSION = 1.0;
				PRODUCT_BUNDLE_IDENTIFIER = com.AndreaBottino.Sfumatura;
				PRODUCT_NAME = "$(TARGET_NAME)";
				SWIFT_EMIT_LOC_STRINGS = YES;
				SWIFT_VERSION = 5.0;
				TARGETED_DEVICE_FAMILY = "1,2";
			};
			name = Release;
		};
/* End XCBuildConfiguration section */

/* Begin XCConfigurationList section */
		62B26E5A2BA5046200B369E5 /* Build configuration list for PBXProject "Sfumatura" */ = {
			isa = XCConfigurationList;
			buildConfigurations = (
				62B26E6B2BA5046500B369E5 /* Debug */,
				62B26E6C2BA5046500B369E5 /* Release */,
			);
			defaultConfigurationIsVisible = 0;
			defaultConfigurationName = Release;
		};
		62B26E6D2BA5046500B369E5 /* Build configuration list for PBXNativeTarget "Sfumatura" */ = {
			isa = XCConfigurationList;
			buildConfigurations = (
				62B26E6E2BA5046500B369E5 /* Debug */,
				62B26E6F2BA5046500B369E5 /* Release */,
			);
			defaultConfigurationIsVisible = 0;
			defaultConfigurationName = Release;
		};
/* End XCConfigurationList section */
	};
	rootObject = 62B26E572BA5046200B369E5 /* Project object */;
}
